// !$*UTF8*$!
{
	archiveVersion = 1;
	classes = {
	};
	objectVersion = 56;
	objects = {

/* Begin PBXBuildFile section */
		AA000001 /* DumbscrollingApp.swift in Sources */ = {isa = PBXBuildFile; fileRef = AA100001 /* DumbscrollingApp.swift */; };
		AA000002 /* ContentView.swift in Sources */ = {isa = PBXBuildFile; fileRef = AA100002 /* ContentView.swift */; };
		AA000003 /* ShameSession.swift in Sources */ = {isa = PBXBuildFile; fileRef = AA100003 /* ShameSession.swift */; };
		AA000004 /* LiveActivityManager.swift in Sources */ = {isa = PBXBuildFile; fileRef = AA100004 /* LiveActivityManager.swift */; };
		AA000005 /* CameraManager.swift in Sources */ = {isa = PBXBuildFile; fileRef = AA100005 /* CameraManager.swift */; };
		AA000006 /* CameraPreviewView.swift in Sources */ = {isa = PBXBuildFile; fileRef = AA100006 /* CameraPreviewView.swift */; };
		AA000007 /* ScrollingBanner.swift in Sources */ = {isa = PBXBuildFile; fileRef = AA100007 /* ScrollingBanner.swift */; };
		AA000008 /* ShameActivityAttributes.swift in Sources */ = {isa = PBXBuildFile; fileRef = AA100008 /* ShameActivityAttributes.swift */; };
		AA000011 /* DumbscrollingWidgetBundle.swift in Sources */ = {isa = PBXBuildFile; fileRef = AA100011 /* DumbscrollingWidgetBundle.swift */; };
		AA000012 /* DumbscrollingLiveActivity.swift in Sources */ = {isa = PBXBuildFile; fileRef = AA100012 /* DumbscrollingLiveActivity.swift */; };
		AA000013 /* ShameActivityAttributes.swift in Sources */ = {isa = PBXBuildFile; fileRef = AA100008 /* ShameActivityAttributes.swift */; };
		AA000020 /* ActivityKit.framework in Frameworks */ = {isa = PBXBuildFile; fileRef = AA200020 /* ActivityKit.framework */; };
		AA000021 /* WidgetKit.framework in Frameworks */ = {isa = PBXBuildFile; fileRef = AA200021 /* WidgetKit.framework */; };
		AA000022 /* SwiftUI.framework in Frameworks */ = {isa = PBXBuildFile; fileRef = AA200022 /* SwiftUI.framework */; };
		AA000023 /* AVFoundation.framework in Frameworks */ = {isa = PBXBuildFile; fileRef = AA200023 /* AVFoundation.framework */; };
		AA000030 /* DumbscrollingWidget.appex in Embed Foundation Extensions */ = {isa = PBXBuildFile; fileRef = AA300030 /* DumbscrollingWidget.appex */; settings = {ATTRIBUTES = (RemoveHeadersOnCopy, ); }; };
/* End PBXBuildFile section */

/* Begin PBXContainerItemProxy section */
		AA400001 /* PBXContainerItemProxy */ = {
			isa = PBXContainerItemProxy;
			containerPortal = AA500001 /* Project object */;
			proxyType = 1;
			remoteGlobalIDString = AA600002;
			remoteInfo = DumbscrollingWidget;
		};
/* End PBXContainerItemProxy section */

/* Begin PBXCopyFilesBuildPhase section */
		AA700001 /* Embed Foundation Extensions */ = {
			isa = PBXCopyFilesBuildPhase;
			buildActionMask = 2147483647;
			dstPath = "";
			dstSubfolderSpec = 13;
			files = (
				AA000030 /* DumbscrollingWidget.appex in Embed Foundation Extensions */,
			);
			name = "Embed Foundation Extensions";
			runOnlyForDeploymentPostprocessing = 0;
		};
/* End PBXCopyFilesBuildPhase section */

/* Begin PBXFileReference section */
		AA100001 /* DumbscrollingApp.swift */ = {isa = PBXFileReference; lastKnownFileType = sourcecode.swift; path = DumbscrollingApp.swift; sourceTree = "<group>"; };
		AA100002 /* ContentView.swift */ = {isa = PBXFileReference; lastKnownFileType = sourcecode.swift; path = ContentView.swift; sourceTree = "<group>"; };
		AA100003 /* ShameSession.swift */ = {isa = PBXFileReference; lastKnownFileType = sourcecode.swift; path = ShameSession.swift; sourceTree = "<group>"; };
		AA100004 /* LiveActivityManager.swift */ = {isa = PBXFileReference; lastKnownFileType = sourcecode.swift; path = LiveActivityManager.swift; sourceTree = "<group>"; };
		AA100005 /* CameraManager.swift */ = {isa = PBXFileReference; lastKnownFileType = sourcecode.swift; path = CameraManager.swift; sourceTree = "<group>"; };
		AA100006 /* CameraPreviewView.swift */ = {isa = PBXFileReference; lastKnownFileType = sourcecode.swift; path = CameraPreviewView.swift; sourceTree = "<group>"; };
		AA100007 /* ScrollingBanner.swift */ = {isa = PBXFileReference; lastKnownFileType = sourcecode.swift; path = ScrollingBanner.swift; sourceTree = "<group>"; };
		AA100008 /* ShameActivityAttributes.swift */ = {isa = PBXFileReference; lastKnownFileType = sourcecode.swift; path = ShameActivityAttributes.swift; sourceTree = "<group>"; };
		AA100010 /* Info.plist */ = {isa = PBXFileReference; lastKnownFileType = text.plist.xml; path = Info.plist; sourceTree = "<group>"; };
		AA100011 /* DumbscrollingWidgetBundle.swift */ = {isa = PBXFileReference; lastKnownFileType = sourcecode.swift; path = DumbscrollingWidgetBundle.swift; sourceTree = "<group>"; };
		AA100012 /* DumbscrollingLiveActivity.swift */ = {isa = PBXFileReference; lastKnownFileType = sourcecode.swift; path = DumbscrollingLiveActivity.swift; sourceTree = "<group>"; };
		AA100013 /* WidgetInfo.plist */ = {isa = PBXFileReference; lastKnownFileType = text.plist.xml; path = Info.plist; sourceTree = "<group>"; };
		AA100014 /* Dumbscrolling.entitlements */ = {isa = PBXFileReference; lastKnownFileType = text.plist.entitlements; path = Dumbscrolling.entitlements; sourceTree = "<group>"; };
		AA100015 /* DumbscrollingWidget.entitlements */ = {isa = PBXFileReference; lastKnownFileType = text.plist.entitlements; path = DumbscrollingWidget.entitlements; sourceTree = "<group>"; };
		AA200020 /* ActivityKit.framework */ = {isa = PBXFileReference; lastKnownFileType = wrapper.framework; name = ActivityKit.framework; path = System/Library/Frameworks/ActivityKit.framework; sourceTree = SDKROOT; };
		AA200021 /* WidgetKit.framework */ = {isa = PBXFileReference; lastKnownFileType = wrapper.framework; name = WidgetKit.framework; path = System/Library/Frameworks/WidgetKit.framework; sourceTree = SDKROOT; };
		AA200022 /* SwiftUI.framework */ = {isa = PBXFileReference; lastKnownFileType = wrapper.framework; name = SwiftUI.framework; path = System/Library/Frameworks/SwiftUI.framework; sourceTree = SDKROOT; };
		AA200023 /* AVFoundation.framework */ = {isa = PBXFileReference; lastKnownFileType = wrapper.framework; name = AVFoundation.framework; path = System/Library/Frameworks/AVFoundation.framework; sourceTree = SDKROOT; };
		AA300001 /* Dumbscrolling.app */ = {isa = PBXFileReference; explicitFileType = wrapper.application; includeInIndex = 0; path = Dumbscrolling.app; sourceTree = BUILT_PRODUCTS_DIR; };
		AA300030 /* DumbscrollingWidget.appex */ = {isa = PBXFileReference; explicitFileType = "wrapper.app-extension"; includeInIndex = 0; path = DumbscrollingWidget.appex; sourceTree = BUILT_PRODUCTS_DIR; };
/* End PBXFileReference section */

/* Begin PBXFrameworksBuildPhase section */
		AA800001 /* Frameworks - main app */ = {
			isa = PBXFrameworksBuildPhase;
			buildActionMask = 2147483647;
			files = (
				AA000020 /* ActivityKit.framework in Frameworks */,
				AA000022 /* SwiftUI.framework in Frameworks */,
				AA000023 /* AVFoundation.framework in Frameworks */,
			);
			runOnlyForDeploymentPostprocessing = 0;
		};
		AA800002 /* Frameworks - widget */ = {
			isa = PBXFrameworksBuildPhase;
			buildActionMask = 2147483647;
			files = (
				AA000021 /* WidgetKit.framework in Frameworks */,
			);
			runOnlyForDeploymentPostprocessing = 0;
		};
/* End PBXFrameworksBuildPhase section */

/* Begin PBXGroup section */
		AA900001 /* root */ = {
			isa = PBXGroup;
			children = (
				AA900002 /* Dumbscrolling */,
				AA900003 /* DumbscrollingWidget */,
				AA900004 /* Shared */,
				AA900005 /* Frameworks */,
				AA900006 /* Products */,
			);
			sourceTree = "<group>";
		};
		AA900002 /* Dumbscrolling */ = {
			isa = PBXGroup;
			children = (
				AA100001 /* DumbscrollingApp.swift */,
				AA100002 /* ContentView.swift */,
				AA100003 /* ShameSession.swift */,
				AA100004 /* LiveActivityManager.swift */,
				AA100005 /* CameraManager.swift */,
				AA100006 /* CameraPreviewView.swift */,
				AA100007 /* ScrollingBanner.swift */,
				AA100010 /* Info.plist */,
				AA100014 /* Dumbscrolling.entitlements */,
			);
			path = Dumbscrolling;
			sourceTree = "<group>";
		};
		AA900003 /* DumbscrollingWidget */ = {
			isa = PBXGroup;
			children = (
				AA100011 /* DumbscrollingWidgetBundle.swift */,
				AA100012 /* DumbscrollingLiveActivity.swift */,
				AA100013 /* WidgetInfo.plist */,
				AA100015 /* DumbscrollingWidget.entitlements */,
			);
			path = DumbscrollingWidget;
			sourceTree = "<group>";
		};
		AA900004 /* Shared */ = {
			isa = PBXGroup;
			children = (
				AA100008 /* ShameActivityAttributes.swift */,
			);
			path = Shared;
			sourceTree = "<group>";
		};
		AA900005 /* Frameworks */ = {
			isa = PBXGroup;
			children = (
				AA200020 /* ActivityKit.framework */,
				AA200021 /* WidgetKit.framework */,
				AA200022 /* SwiftUI.framework */,
				AA200023 /* AVFoundation.framework */,
			);
			name = Frameworks;
			sourceTree = "<group>";
		};
		AA900006 /* Products */ = {
			isa = PBXGroup;
			children = (
				AA300001 /* Dumbscrolling.app */,
				AA300030 /* DumbscrollingWidget.appex */,
			);
			name = Products;
			sourceTree = "<group>";
		};
/* End PBXGroup section */

/* Begin PBXNativeTarget section */
		AA600001 /* Dumbscrolling */ = {
			isa = PBXNativeTarget;
			buildConfigurationList = AACL0001 /* Build configuration list for PBXNativeTarget "Dumbscrolling" */;
			buildPhases = (
				AAB00001 /* Sources */,
				AA800001 /* Frameworks */,
				AAR00001 /* Resources */,
				AA700001 /* Embed Foundation Extensions */,
			);
			buildRules = (
			);
			dependencies = (
				AADEP001 /* PBXTargetDependency */,
			);
			name = Dumbscrolling;
			productName = Dumbscrolling;
			productReference = AA300001 /* Dumbscrolling.app */;
			productType = "com.apple.product-type.application";
		};
		AA600002 /* DumbscrollingWidget */ = {
			isa = PBXNativeTarget;
			buildConfigurationList = AACL0002 /* Build configuration list for PBXNativeTarget "DumbscrollingWidget" */;
			buildPhases = (
				AAB00002 /* Sources */,
				AA800002 /* Frameworks */,
				AAR00002 /* Resources */,
			);
			buildRules = (
			);
			dependencies = (
			);
			name = DumbscrollingWidget;
			productName = DumbscrollingWidget;
			productReference = AA300030 /* DumbscrollingWidget.appex */;
			productType = "com.apple.product-type.app-extension";
		};
/* End PBXNativeTarget section */

/* Begin PBXProject section */
		AA500001 /* Project object */ = {
			isa = PBXProject;
			attributes = {
				BuildIndependentTargetsInParallel = 1;
				LastSwiftUpdateCheck = 1500;
				LastUpgradeCheck = 1500;
				TargetAttributes = {
					AA600001 = {
						CreatedOnToolsVersion = 15.0;
					};
					AA600002 = {
						CreatedOnToolsVersion = 15.0;
					};
				};
			};
			buildConfigurationList = AACL0000 /* Build configuration list for PBXProject "Dumbscrolling" */;
			compatibilityVersion = "Xcode 14.0";
			developmentRegion = en;
			hasScannedForEncodings = 0;
			knownRegions = (
				en,
				Base,
			);
			mainGroup = AA900001;
			productRefGroup = AA900006 /* Products */;
			projectDirPath = "";
			projectRoot = "";
			targets = (
				AA600001 /* Dumbscrolling */,
				AA600002 /* DumbscrollingWidget */,
			);
		};
/* End PBXProject section */

/* Begin PBXResourcesBuildPhase section */
		AAR00001 /* Resources - main app */ = {
			isa = PBXResourcesBuildPhase;
			buildActionMask = 2147483647;
			files = (
			);
			runOnlyForDeploymentPostprocessing = 0;
		};
		AAR00002 /* Resources - widget */ = {
			isa = PBXResourcesBuildPhase;
			buildActionMask = 2147483647;
			files = (
			);
			runOnlyForDeploymentPostprocessing = 0;
		};
/* End PBXResourcesBuildPhase section */

/* Begin PBXSourcesBuildPhase section */
		AAB00001 /* Sources - main app */ = {
			isa = PBXSourcesBuildPhase;
			buildActionMask = 2147483647;
			files = (
				AA000001 /* DumbscrollingApp.swift in Sources */,
				AA000002 /* ContentView.swift in Sources */,
				AA000003 /* ShameSession.swift in Sources */,
				AA000004 /* LiveActivityManager.swift in Sources */,
				AA000005 /* CameraManager.swift in Sources */,
				AA000006 /* CameraPreviewView.swift in Sources */,
				AA000007 /* ScrollingBanner.swift in Sources */,
				AA000008 /* ShameActivityAttributes.swift in Sources */,
			);
			runOnlyForDeploymentPostprocessing = 0;
		};
		AAB00002 /* Sources - widget */ = {
			isa = PBXSourcesBuildPhase;
			buildActionMask = 2147483647;
			files = (
				AA000011 /* DumbscrollingWidgetBundle.swift in Sources */,
				AA000012 /* DumbscrollingLiveActivity.swift in Sources */,
				AA000013 /* ShameActivityAttributes.swift in Sources */,
			);
			runOnlyForDeploymentPostprocessing = 0;
		};
/* End PBXSourcesBuildPhase section */

/* Begin PBXTargetDependency section */
		AADEP001 /* PBXTargetDependency */ = {
			isa = PBXTargetDependency;
			target = AA600002 /* DumbscrollingWidget */;
			targetProxy = AA400001 /* PBXContainerItemProxy */;
		};
/* End PBXTargetDependency section */

/* Begin XCBuildConfiguration section */
		AAXC0001 /* Debug - project */ = {
			isa = XCBuildConfiguration;
			buildSettings = {
				ALWAYS_SEARCH_USER_PATHS = NO;
				ASSETCATALOG_COMPILER_GENERATE_SWIFT_ASSET_SYMBOL_EXTENSIONS = YES;
				CLANG_ANALYZER_NONNULL = YES;
				CLANG_ANALYZER_NUMBER_OBJECT_CONVERSION = YES_AGGRESSIVE;
				CLANG_CXX_LANGUAGE_STANDARD = "gnu++20";
				CLANG_ENABLE_MODULES = YES;
				CLANG_ENABLE_OBJC_ARC = YES;
				CLANG_ENABLE_OBJC_WEAK = YES;
				CLANG_WARN_BLOCK_CAPTURE_AUTORELEASING = YES;
				CLANG_WARN_BOOL_CONVERSION = YES;
				CLANG_WARN_COMMA = YES;
				CLANG_WARN_CONSTANT_CONVERSION = YES;
				CLANG_WARN_DEPRECATED_OBJC_IMPLEMENTATIONS = YES;
				CLANG_WARN_DIRECT_OBJC_ISA_USAGE = YES_ERROR;
				CLANG_WARN_DOCUMENTATION_COMMENTS = YES;
				CLANG_WARN_EMPTY_BODY = YES;
				CLANG_WARN_ENUM_CONVERSION = YES;
				CLANG_WARN_INFINITE_RECURSION = YES;
				CLANG_WARN_INT_CONVERSION = YES;
				CLANG_WARN_NON_LITERAL_NULL_CONVERSION = YES;
				CLANG_WARN_OBJC_IMPLICIT_RETAIN_SELF = YES;
				CLANG_WARN_OBJC_LITERAL_CONVERSION = YES;
				CLANG_WARN_OBJC_ROOT_CLASS = YES_ERROR;
				CLANG_WARN_QUOTED_INCLUDE_IN_FRAMEWORK_HEADER = YES;
				CLANG_WARN_RANGE_LOOP_ANALYSIS = YES;
				CLANG_WARN_STRICT_PROTOTYPES = YES;
				CLANG_WARN_SUSPICIOUS_MOVE = YES;
				CLANG_WARN_UNGUARDED_AVAILABILITY = YES_AGGRESSIVE;
				CLANG_WARN_UNREACHABLE_CODE = YES;
				CLANG_WARN__DUPLICATE_METHOD_MATCH = YES;
				COPY_PHASE_STRIP = NO;
				DEBUG_INFORMATION_FORMAT = dwarf;
				ENABLE_STRICT_OBJC_MSGSEND = YES;
				ENABLE_TESTABILITY = YES;
				ENABLE_USER_SCRIPT_SANDBOXING = YES;
				GCC_C_LANGUAGE_STANDARD = gnu17;
				GCC_DYNAMIC_NO_PIC = NO;
				GCC_NO_COMMON_BLOCKS = YES;
				GCC_OPTIMIZATION_LEVEL = 0;
				GCC_PREPROCESSOR_DEFINITIONS = (
					"DEBUG=1",
					"$(inherited)",
				);
				GCC_WARN_64_TO_32_BIT_CONVERSION = YES;
				GCC_WARN_ABOUT_RETURN_TYPE = YES_ERROR;
				GCC_WARN_UNDECLARED_SELECTOR = YES;
				GCC_WARN_UNINITIALIZED_AUTOS = YES_AGGRESSIVE;
				GCC_WARN_UNUSED_FUNCTION = YES;
				GCC_WARN_UNUSED_VARIABLE = YES;
				IPHONEOS_DEPLOYMENT_TARGET = 17.0;
				MTL_ENABLE_DEBUG_INFO = INCLUDE_SOURCE;
				MTL_FAST_MATH = YES;
				ONLY_ACTIVE_ARCH = YES;
				SDKROOT = iphoneos;
				SWIFT_ACTIVE_COMPILATION_CONDITIONS = "DEBUG $(inherited)";
				SWIFT_OPTIMIZATION_LEVEL = "-Onone";
			};
			name = Debug;
		};
		AAXC0002 /* Release - project */ = {
			isa = XCBuildConfiguration;
			buildSettings = {
				ALWAYS_SEARCH_USER_PATHS = NO;
				ASSETCATALOG_COMPILER_GENERATE_SWIFT_ASSET_SYMBOL_EXTENSIONS = YES;
				CLANG_ANALYZER_NONNULL = YES;
				CLANG_ANALYZER_NUMBER_OBJECT_CONVERSION = YES_AGGRESSIVE;
				CLANG_CXX_LANGUAGE_STANDARD = "gnu++20";
				CLANG_ENABLE_MODULES = YES;
				CLANG_ENABLE_OBJC_ARC = YES;
				CLANG_ENABLE_OBJC_WEAK = YES;
				CLANG_WARN_BLOCK_CAPTURE_AUTORELEASING = YES;
				CLANG_WARN_BOOL_CONVERSION = YES;
				CLANG_WARN_COMMA = YES;
				CLANG_WARN_CONSTANT_CONVERSION = YES;
				CLANG_WARN_DEPRECATED_OBJC_IMPLEMENTATIONS = YES;
				CLANG_WARN_DIRECT_OBJC_ISA_USAGE = YES_ERROR;
				CLANG_WARN_DOCUMENTATION_COMMENTS = YES;
				CLANG_WARN_EMPTY_BODY = YES;
				CLANG_WARN_ENUM_CONVERSION = YES;
				CLANG_WARN_INFINITE_RECURSION = YES;
				CLANG_WARN_INT_CONVERSION = YES;
				CLANG_WARN_NON_LITERAL_NULL_CONVERSION = YES;
				CLANG_WARN_OBJC_IMPLICIT_RETAIN_SELF = YES;
				CLANG_WARN_OBJC_LITERAL_CONVERSION = YES;
				CLANG_WARN_OBJC_ROOT_CLASS = YES_ERROR;
				CLANG_WARN_QUOTED_INCLUDE_IN_FRAMEWORK_HEADER = YES;
				CLANG_WARN_RANGE_LOOP_ANALYSIS = YES;
				CLANG_WARN_STRICT_PROTOTYPES = YES;
				CLANG_WARN_SUSPICIOUS_MOVE = YES;
				CLANG_WARN_UNGUARDED_AVAILABILITY = YES_AGGRESSIVE;
				CLANG_WARN_UNREACHABLE_CODE = YES;
				CLANG_WARN__DUPLICATE_METHOD_MATCH = YES;
				COPY_PHASE_STRIP = NO;
				DEBUG_INFORMATION_FORMAT = "dwarf-with-dsym";
				ENABLE_NS_ASSERTIONS = NO;
				ENABLE_STRICT_OBJC_MSGSEND = YES;
				ENABLE_USER_SCRIPT_SANDBOXING = YES;
				GCC_C_LANGUAGE_STANDARD = gnu17;
				GCC_NO_COMMON_BLOCKS = YES;
				GCC_WARN_64_TO_32_BIT_CONVERSION = YES;
				GCC_WARN_ABOUT_RETURN_TYPE = YES_ERROR;
				GCC_WARN_UNDECLARED_SELECTOR = YES;
				GCC_WARN_UNINITIALIZED_AUTOS = YES_AGGRESSIVE;
				GCC_WARN_UNUSED_FUNCTION = YES;
				GCC_WARN_UNUSED_VARIABLE = YES;
				IPHONEOS_DEPLOYMENT_TARGET = 17.0;
				MTL_FAST_MATH = YES;
				SDKROOT = iphoneos;
				SWIFT_COMPILATION_MODE = wholemodule;
				VALIDATE_PRODUCT = YES;
			};
			name = Release;
		};
		AAXC0003 /* Debug - main app */ = {
			isa = XCBuildConfiguration;
			buildSettings = {
				ASSETCATALOG_COMPILER_APPICON_NAME = AppIcon;
				ASSETCATALOG_COMPILER_GLOBAL_ACCENT_COLOR_NAME = AccentColor;
				CODE_SIGN_ENTITLEMENTS = Dumbscrolling/Dumbscrolling.entitlements;
				CODE_SIGN_STYLE = Automatic;
				CURRENT_PROJECT_VERSION = 1;
				DEVELOPMENT_TEAM = "";
				GENERATE_INFOPLIST_FILE = NO;
				INFOPLIST_FILE = Dumbscrolling/Info.plist;
				IPHONEOS_DEPLOYMENT_TARGET = 17.0;
				LD_RUNPATH_SEARCH_PATHS = (
					"$(inherited)",
					"@executable_path/Frameworks",
				);
				MARKETING_VERSION = 1.0;
				PRODUCT_BUNDLE_IDENTIFIER = com.yourteam.dumbscrolling;
				PRODUCT_NAME = "$(TARGET_NAME)";
				SWIFT_EMIT_LOC_STRINGS = YES;
				SWIFT_VERSION = 5.0;
				TARGETED_DEVICE_FAMILY = 1;
			};
			name = Debug;
		};
		AAXC0004 /* Release - main app */ = {
			isa = XCBuildConfiguration;
			buildSettings = {
				ASSETCATALOG_COMPILER_APPICON_NAME = AppIcon;
				ASSETCATALOG_COMPILER_GLOBAL_ACCENT_COLOR_NAME = AccentColor;
				CODE_SIGN_ENTITLEMENTS = Dumbscrolling/Dumbscrolling.entitlements;
				CODE_SIGN_STYLE = Automatic;
				CURRENT_PROJECT_VERSION = 1;
				DEVELOPMENT_TEAM = "";
				GENERATE_INFOPLIST_FILE = NO;
				INFOPLIST_FILE = Dumbscrolling/Info.plist;
				IPHONEOS_DEPLOYMENT_TARGET = 17.0;
				LD_RUNPATH_SEARCH_PATHS = (
					"$(inherited)",
					"@executable_path/Frameworks",
				);
				MARKETING_VERSION = 1.0;
				PRODUCT_BUNDLE_IDENTIFIER = com.yourteam.dumbscrolling;
				PRODUCT_NAME = "$(TARGET_NAME)";
				SWIFT_EMIT_LOC_STRINGS = YES;
				SWIFT_VERSION = 5.0;
				TARGETED_DEVICE_FAMILY = 1;
			};
			name = Release;
		};
		AAXC0005 /* Debug - widget */ = {
			isa = XCBuildConfiguration;
			buildSettings = {
				CODE_SIGN_ENTITLEMENTS = DumbscrollingWidget/DumbscrollingWidget.entitlements;
				CODE_SIGN_STYLE = Automatic;
				CURRENT_PROJECT_VERSION = 1;
				DEVELOPMENT_TEAM = "";
				GENERATE_INFOPLIST_FILE = NO;
				INFOPLIST_FILE = DumbscrollingWidget/Info.plist;
				IPHONEOS_DEPLOYMENT_TARGET = 17.0;
				LD_RUNPATH_SEARCH_PATHS = (
					"$(inherited)",
					"@executable_path/Frameworks",
					"@executable_path/../../Frameworks",
				);
				MARKETING_VERSION = 1.0;
				PRODUCT_BUNDLE_IDENTIFIER = com.yourteam.dumbscrolling.widget;
				PRODUCT_NAME = "$(TARGET_NAME)";
				SKIP_INSTALL = YES;
				SWIFT_EMIT_LOC_STRINGS = YES;
				SWIFT_VERSION = 5.0;
				TARGETED_DEVICE_FAMILY = 1;
			};
			name = Debug;
		};
		AAXC0006 /* Release - widget */ = {
			isa = XCBuildConfiguration;
			buildSettings = {
				CODE_SIGN_ENTITLEMENTS = DumbscrollingWidget/DumbscrollingWidget.entitlements;
				CODE_SIGN_STYLE = Automatic;
				CURRENT_PROJECT_VERSION = 1;
				DEVELOPMENT_TEAM = "";
				GENERATE_INFOPLIST_FILE = NO;
				INFOPLIST_FILE = DumbscrollingWidget/Info.plist;
				IPHONEOS_DEPLOYMENT_TARGET = 17.0;
				LD_RUNPATH_SEARCH_PATHS = (
					"$(inherited)",
					"@executable_path/Frameworks",
					"@executable_path/../../Frameworks",
				);
				MARKETING_VERSION = 1.0;
				PRODUCT_BUNDLE_IDENTIFIER = com.yourteam.dumbscrolling.widget;
				PRODUCT_NAME = "$(TARGET_NAME)";
				SKIP_INSTALL = YES;
				SWIFT_EMIT_LOC_STRINGS = YES;
				SWIFT_VERSION = 5.0;
				TARGETED_DEVICE_FAMILY = 1;
			};
			name = Release;
		};
/* End XCBuildConfiguration section */

/* Begin XCConfigurationList section */
		AACL0000 /* Build configuration list for PBXProject "Dumbscrolling" */ = {
			isa = XCConfigurationList;
			buildConfigurations = (
				AAXC0001 /* Debug */,
				AAXC0002 /* Release */,
			);
			defaultConfigurationIsVisible = 0;
			defaultConfigurationName = Release;
		};
		AACL0001 /* Build configuration list for PBXNativeTarget "Dumbscrolling" */ = {
			isa = XCConfigurationList;
			buildConfigurations = (
				AAXC0003 /* Debug */,
				AAXC0004 /* Release */,
			);
			defaultConfigurationIsVisible = 0;
			defaultConfigurationName = Release;
		};
		AACL0002 /* Build configuration list for PBXNativeTarget "DumbscrollingWidget" */ = {
			isa = XCConfigurationList;
			buildConfigurations = (
				AAXC0005 /* Debug */,
				AAXC0006 /* Release */,
			);
			defaultConfigurationIsVisible = 0;
			defaultConfigurationName = Release;
		};
/* End XCConfigurationList section */

	};
	rootObject = AA500001 /* Project object */;
}
